
Microsoft Visual Studio Solution File, Format Version 12.00
# Visual Studio Version 17
VisualStudioVersion = 17.10.34916.146
MinimumVisualStudioVersion = 10.0.40219.1
Project("{FAE04EC0-301F-11D3-BF4B-00C04F79EFBC}") = "ConsoleAppUI", "ConsoleAppUI\ConsoleAppUI.csproj", "{C811C532-7AF4-4A5E-ABED-660EAE247722}"
EndProject
Global
	GlobalSection(SolutionConfigurationPlatforms) = preSolution
		Debug|Any CPU = Debug|Any CPU
		Release|Any CPU = Release|Any CPU
	EndGlobalSection
	GlobalSection(ProjectConfigurationPlatforms) = postSolution
		{C811C532-7AF4-4A5E-ABED-660EAE247722}.Debug|Any CPU.ActiveCfg = Debug|Any CPU
		{C811C532-7AF4-4A5E-ABED-660EAE247722}.Debug|Any CPU.Build.0 = Debug|Any CPU
		{C811C532-7AF4-4A5E-ABED-660EAE247722}.Release|Any CPU.ActiveCfg = Release|Any CPU
		{C811C532-7AF4-4A5E-ABED-660EAE247722}.Release|Any CPU.Build.0 = Release|Any CPU
	EndGlobalSection
	GlobalSection(SolutionProperties) = preSolution
		HideSolutionNode = FALSE
	EndGlobalSection
	GlobalSection(ExtensibilityGlobals) = postSolution
		SolutionGuid = {4242AAE3-9960-4D09-914C-62DDCF0B04D3}
	EndGlobalSection
EndGlobal
